// !$*UTF8*$!
{
	archiveVersion = 1;
	classes = {
	};
	objectVersion = 51;
	objects = {

/* Begin PBXBuildFile section */
		B4284EAE25B6EF0300865913 /* ApiClient.swift in Sources */ = {isa = PBXBuildFile; fileRef = D710A55921F8379400C51EB2 /* ApiClient.swift */; };
		BB7441648DC7AC0D9D9111AA /* Pods_basicsetup.framework in Frameworks */ = {isa = PBXBuildFile; fileRef = DCD31D028249322586499CA7 /* Pods_basicsetup.framework */; };
		D705333F222FC44F008C1BD9 /* ReadmeDocument in Resources */ = {isa = PBXBuildFile; fileRef = D705333E222FC44F008C1BD9 /* ReadmeDocument */; };
		D710A54A21F5A1E100C51EB2 /* Configurations.plist in Resources */ = {isa = PBXBuildFile; fileRef = D710A54921F5A1E100C51EB2 /* Configurations.plist */; };
		D710A54C21F5A20200C51EB2 /* Configuration.swift in Sources */ = {isa = PBXBuildFile; fileRef = D710A54B21F5A20200C51EB2 /* Configuration.swift */; };
		D710A55421F5A4F400C51EB2 /* ViewController.swift in Sources */ = {isa = PBXBuildFile; fileRef = D710A55321F5A4F400C51EB2 /* ViewController.swift */; };
		D710A55621F6E96A00C51EB2 /* dailyVitals.swift in Sources */ = {isa = PBXBuildFile; fileRef = D710A55521F6E96A00C51EB2 /* dailyVitals.swift */; };
		D710A55821F8373800C51EB2 /* Services.swift in Sources */ = {isa = PBXBuildFile; fileRef = D710A55721F8373700C51EB2 /* Services.swift */; };
		D710A55D21F8397500C51EB2 /* Constants.swift in Sources */ = {isa = PBXBuildFile; fileRef = D710A55C21F8397500C51EB2 /* Constants.swift */; };
		D715FDB9225C893900EBABDB /* UIViewController+Extension.swift in Sources */ = {isa = PBXBuildFile; fileRef = D715FDB8225C893900EBABDB /* UIViewController+Extension.swift */; };
		D715FDBB225CA28C00EBABDB /* DailyVitalData.swift in Sources */ = {isa = PBXBuildFile; fileRef = D715FDBA225CA28C00EBABDB /* DailyVitalData.swift */; };
		D715FDBD225CA37E00EBABDB /* DailyVitalResponse.swift in Sources */ = {isa = PBXBuildFile; fileRef = D715FDBC225CA37E00EBABDB /* DailyVitalResponse.swift */; };
		D7ED85E021E5E09900B407C4 /* AppDelegate.swift in Sources */ = {isa = PBXBuildFile; fileRef = D7ED85DF21E5E09900B407C4 /* AppDelegate.swift */; };
		D7ED85E521E5E09900B407C4 /* Main.storyboard in Resources */ = {isa = PBXBuildFile; fileRef = D7ED85E321E5E09900B407C4 /* Main.storyboard */; };
		D7ED85E721E5E09B00B407C4 /* Assets.xcassets in Resources */ = {isa = PBXBuildFile; fileRef = D7ED85E621E5E09B00B407C4 /* Assets.xcassets */; };
		D7ED85EA21E5E09B00B407C4 /* LaunchScreen.storyboard in Resources */ = {isa = PBXBuildFile; fileRef = D7ED85E821E5E09B00B407C4 /* LaunchScreen.storyboard */; };
/* End PBXBuildFile section */

/* Begin PBXFileReference section */
		0534DB31A3D5D1FD4BDA7200 /* Pods-basicsetup.dev.xcconfig */ = {isa = PBXFileReference; includeInIndex = 1; lastKnownFileType = text.xcconfig; name = "Pods-basicsetup.dev.xcconfig"; path = "Pods/Target Support Files/Pods-basicsetup/Pods-basicsetup.dev.xcconfig"; sourceTree = "<group>"; };
		3D3347C286EE23ED218FE935 /* Pods-basicsetup.debug.xcconfig */ = {isa = PBXFileReference; includeInIndex = 1; lastKnownFileType = text.xcconfig; name = "Pods-basicsetup.debug.xcconfig"; path = "Pods/Target Support Files/Pods-basicsetup/Pods-basicsetup.debug.xcconfig"; sourceTree = "<group>"; };
		7F8ACA482569CE90454C9BEB /* Pods-basicsetup.uat.xcconfig */ = {isa = PBXFileReference; includeInIndex = 1; lastKnownFileType = text.xcconfig; name = "Pods-basicsetup.uat.xcconfig"; path = "Pods/Target Support Files/Pods-basicsetup/Pods-basicsetup.uat.xcconfig"; sourceTree = "<group>"; };
		A6F8EC889D2929EB6DE522B6 /* Pods-basicsetup.release.xcconfig */ = {isa = PBXFileReference; includeInIndex = 1; lastKnownFileType = text.xcconfig; name = "Pods-basicsetup.release.xcconfig"; path = "Pods/Target Support Files/Pods-basicsetup/Pods-basicsetup.release.xcconfig"; sourceTree = "<group>"; };
		D705333E222FC44F008C1BD9 /* ReadmeDocument */ = {isa = PBXFileReference; lastKnownFileType = text; path = ReadmeDocument; sourceTree = "<group>"; };
		D710A54921F5A1E100C51EB2 /* Configurations.plist */ = {isa = PBXFileReference; fileEncoding = 4; lastKnownFileType = text.plist.xml; path = Configurations.plist; sourceTree = "<group>"; };
		D710A54B21F5A20200C51EB2 /* Configuration.swift */ = {isa = PBXFileReference; fileEncoding = 4; lastKnownFileType = sourcecode.swift; path = Configuration.swift; sourceTree = "<group>"; };
		D710A55321F5A4F400C51EB2 /* ViewController.swift */ = {isa = PBXFileReference; lastKnownFileType = sourcecode.swift; path = ViewController.swift; sourceTree = "<group>"; };
		D710A55521F6E96A00C51EB2 /* dailyVitals.swift */ = {isa = PBXFileReference; lastKnownFileType = sourcecode.swift; path = dailyVitals.swift; sourceTree = "<group>"; };
		D710A55721F8373700C51EB2 /* Services.swift */ = {isa = PBXFileReference; lastKnownFileType = sourcecode.swift; path = Services.swift; sourceTree = "<group>"; };
		D710A55921F8379400C51EB2 /* ApiClient.swift */ = {isa = PBXFileReference; lastKnownFileType = sourcecode.swift; path = ApiClient.swift; sourceTree = "<group>"; };
		D710A55C21F8397500C51EB2 /* Constants.swift */ = {isa = PBXFileReference; lastKnownFileType = sourcecode.swift; path = Constants.swift; sourceTree = "<group>"; };
		D715FDB8225C893900EBABDB /* UIViewController+Extension.swift */ = {isa = PBXFileReference; lastKnownFileType = sourcecode.swift; path = "UIViewController+Extension.swift"; sourceTree = "<group>"; };
		D715FDBA225CA28C00EBABDB /* DailyVitalData.swift */ = {isa = PBXFileReference; lastKnownFileType = sourcecode.swift; path = DailyVitalData.swift; sourceTree = "<group>"; };
		D715FDBC225CA37E00EBABDB /* DailyVitalResponse.swift */ = {isa = PBXFileReference; lastKnownFileType = sourcecode.swift; path = DailyVitalResponse.swift; sourceTree = "<group>"; };
		D7ED85DC21E5E09900B407C4 /* basicsetup.app */ = {isa = PBXFileReference; explicitFileType = wrapper.application; includeInIndex = 0; path = basicsetup.app; sourceTree = BUILT_PRODUCTS_DIR; };
		D7ED85DF21E5E09900B407C4 /* AppDelegate.swift */ = {isa = PBXFileReference; lastKnownFileType = sourcecode.swift; path = AppDelegate.swift; sourceTree = "<group>"; };
		D7ED85E421E5E09900B407C4 /* Base */ = {isa = PBXFileReference; lastKnownFileType = file.storyboard; name = Base; path = Base.lproj/Main.storyboard; sourceTree = "<group>"; };
		D7ED85E621E5E09B00B407C4 /* Assets.xcassets */ = {isa = PBXFileReference; lastKnownFileType = folder.assetcatalog; path = Assets.xcassets; sourceTree = "<group>"; };
		D7ED85E921E5E09B00B407C4 /* Base */ = {isa = PBXFileReference; lastKnownFileType = file.storyboard; name = Base; path = Base.lproj/LaunchScreen.storyboard; sourceTree = "<group>"; };
		D7ED85EB21E5E09B00B407C4 /* Info.plist */ = {isa = PBXFileReference; lastKnownFileType = text.plist.xml; path = Info.plist; sourceTree = "<group>"; };
		DCD31D028249322586499CA7 /* Pods_basicsetup.framework */ = {isa = PBXFileReference; explicitFileType = wrapper.framework; includeInIndex = 0; path = Pods_basicsetup.framework; sourceTree = BUILT_PRODUCTS_DIR; };
		E463261E7565E3E751BD2599 /* Pods-basicsetup.prod.xcconfig */ = {isa = PBXFileReference; includeInIndex = 1; lastKnownFileType = text.xcconfig; name = "Pods-basicsetup.prod.xcconfig"; path = "Pods/Target Support Files/Pods-basicsetup/Pods-basicsetup.prod.xcconfig"; sourceTree = "<group>"; };
/* End PBXFileReference section */

/* Begin PBXFrameworksBuildPhase section */
		D7ED85D921E5E09900B407C4 /* Frameworks */ = {
			isa = PBXFrameworksBuildPhase;
			buildActionMask = 2147483647;
			files = (
				BB7441648DC7AC0D9D9111AA /* Pods_basicsetup.framework in Frameworks */,
			);
			runOnlyForDeploymentPostprocessing = 0;
		};
/* End PBXFrameworksBuildPhase section */

/* Begin PBXGroup section */
		5EFC28D7DBB7B79EB9AEB65B /* Pods */ = {
			isa = PBXGroup;
			children = (
				3D3347C286EE23ED218FE935 /* Pods-basicsetup.debug.xcconfig */,
				A6F8EC889D2929EB6DE522B6 /* Pods-basicsetup.release.xcconfig */,
				0534DB31A3D5D1FD4BDA7200 /* Pods-basicsetup.dev.xcconfig */,
				7F8ACA482569CE90454C9BEB /* Pods-basicsetup.uat.xcconfig */,
				E463261E7565E3E751BD2599 /* Pods-basicsetup.prod.xcconfig */,
			);
			name = Pods;
			sourceTree = "<group>";
		};
		62F5C660C4D887B05B8CA3D3 /* Frameworks */ = {
			isa = PBXGroup;
			children = (
				DCD31D028249322586499CA7 /* Pods_basicsetup.framework */,
			);
			name = Frameworks;
			sourceTree = "<group>";
		};
		D705333D222FC429008C1BD9 /* ReadMe */ = {
			isa = PBXGroup;
			children = (
				D705333E222FC44F008C1BD9 /* ReadmeDocument */,
			);
			path = ReadMe;
			sourceTree = "<group>";
		};
		D710A55B21F8396200C51EB2 /* Constant */ = {
			isa = PBXGroup;
			children = (
				D710A55C21F8397500C51EB2 /* Constants.swift */,
			);
			path = Constant;
			sourceTree = "<group>";
		};
		D71E845321F0701100329876 /* Model */ = {
			isa = PBXGroup;
			children = (
				D710A55521F6E96A00C51EB2 /* dailyVitals.swift */,
				D715FDBA225CA28C00EBABDB /* DailyVitalData.swift */,
				D715FDBC225CA37E00EBABDB /* DailyVitalResponse.swift */,
			);
			path = Model;
			sourceTree = "<group>";
		};
		D71E845521F0702100329876 /* Controller */ = {
			isa = PBXGroup;
			children = (
				D710A55321F5A4F400C51EB2 /* ViewController.swift */,
			);
			path = Controller;
			sourceTree = "<group>";
		};
		D71E845621F0703E00329876 /* Common */ = {
			isa = PBXGroup;
			children = (
				D710A55B21F8396200C51EB2 /* Constant */,
				D71E845721F0709B00329876 /* AppDelegate */,
				D71E845921F070E200329876 /* Extensions */,
				D71E845821F070A800329876 /* NetworkManager */,
			);
			path = Common;
			sourceTree = "<group>";
		};
		D71E845721F0709B00329876 /* AppDelegate */ = {
			isa = PBXGroup;
			children = (
				D7ED85DF21E5E09900B407C4 /* AppDelegate.swift */,
			);
			path = AppDelegate;
			sourceTree = "<group>";
		};
		D71E845821F070A800329876 /* NetworkManager */ = {
			isa = PBXGroup;
			children = (
				D710A55721F8373700C51EB2 /* Services.swift */,
				D710A55921F8379400C51EB2 /* ApiClient.swift */,
			);
			path = NetworkManager;
			sourceTree = "<group>";
		};
		D71E845921F070E200329876 /* Extensions */ = {
			isa = PBXGroup;
			children = (
				D715FDB8225C893900EBABDB /* UIViewController+Extension.swift */,
			);
			path = Extensions;
			sourceTree = "<group>";
		};
		D7ED85D321E5E09900B407C4 = {
			isa = PBXGroup;
			children = (
				D705333D222FC429008C1BD9 /* ReadMe */,
				D7ED85DE21E5E09900B407C4 /* basicsetup */,
				D7ED85DD21E5E09900B407C4 /* Products */,
				5EFC28D7DBB7B79EB9AEB65B /* Pods */,
				62F5C660C4D887B05B8CA3D3 /* Frameworks */,
			);
			sourceTree = "<group>";
		};
		D7ED85DD21E5E09900B407C4 /* Products */ = {
			isa = PBXGroup;
			children = (
				D7ED85DC21E5E09900B407C4 /* basicsetup.app */,
			);
			name = Products;
			sourceTree = "<group>";
		};
		D7ED85DE21E5E09900B407C4 /* basicsetup */ = {
			isa = PBXGroup;
			children = (
				D71E845621F0703E00329876 /* Common */,
				D71E845521F0702100329876 /* Controller */,
				D71E845321F0701100329876 /* Model */,
				D7ED85E321E5E09900B407C4 /* Main.storyboard */,
				D710A54B21F5A20200C51EB2 /* Configuration.swift */,
				D710A54921F5A1E100C51EB2 /* Configurations.plist */,
				D7ED85E621E5E09B00B407C4 /* Assets.xcassets */,
				D7ED85E821E5E09B00B407C4 /* LaunchScreen.storyboard */,
				D7ED85EB21E5E09B00B407C4 /* Info.plist */,
			);
			path = basicsetup;
			sourceTree = "<group>";
		};
/* End PBXGroup section */

/* Begin PBXNativeTarget section */
		D7ED85DB21E5E09900B407C4 /* basicsetup */ = {
			isa = PBXNativeTarget;
			buildConfigurationList = D7ED85EE21E5E09B00B407C4 /* Build configuration list for PBXNativeTarget "basicsetup" */;
			buildPhases = (
				5E812FAA4E142E67FA59B10E /* [CP] Check Pods Manifest.lock */,
				D7ED85D821E5E09900B407C4 /* Sources */,
				D7ED85D921E5E09900B407C4 /* Frameworks */,
				D7ED85DA21E5E09900B407C4 /* Resources */,
				C96A3909FB23DE1184EA40CC /* [CP] Embed Pods Frameworks */,
			);
			buildRules = (
			);
			dependencies = (
			);
			name = basicsetup;
			productName = basicsetup;
			productReference = D7ED85DC21E5E09900B407C4 /* basicsetup.app */;
			productType = "com.apple.product-type.application";
		};
/* End PBXNativeTarget section */

/* Begin PBXProject section */
		D7ED85D421E5E09900B407C4 /* Project object */ = {
			isa = PBXProject;
			attributes = {
				LastSwiftUpdateCheck = 1010;
				LastUpgradeCheck = 1010;
				ORGANIZATIONNAME = "Josh Software";
				TargetAttributes = {
					D7ED85DB21E5E09900B407C4 = {
						CreatedOnToolsVersion = 10.1;
					};
				};
			};
			buildConfigurationList = D7ED85D721E5E09900B407C4 /* Build configuration list for PBXProject "basicsetup" */;
			compatibilityVersion = "Xcode 9.3";
			developmentRegion = en;
			hasScannedForEncodings = 0;
			knownRegions = (
				en,
				Base,
			);
			mainGroup = D7ED85D321E5E09900B407C4;
			productRefGroup = D7ED85DD21E5E09900B407C4 /* Products */;
			projectDirPath = "";
			projectRoot = "";
			targets = (
				D7ED85DB21E5E09900B407C4 /* basicsetup */,
			);
		};
/* End PBXProject section */

/* Begin PBXResourcesBuildPhase section */
		D7ED85DA21E5E09900B407C4 /* Resources */ = {
			isa = PBXResourcesBuildPhase;
			buildActionMask = 2147483647;
			files = (
				D7ED85EA21E5E09B00B407C4 /* LaunchScreen.storyboard in Resources */,
				D710A54A21F5A1E100C51EB2 /* Configurations.plist in Resources */,
				D7ED85E721E5E09B00B407C4 /* Assets.xcassets in Resources */,
				D7ED85E521E5E09900B407C4 /* Main.storyboard in Resources */,
				D705333F222FC44F008C1BD9 /* ReadmeDocument in Resources */,
			);
			runOnlyForDeploymentPostprocessing = 0;
		};
/* End PBXResourcesBuildPhase section */

/* Begin PBXShellScriptBuildPhase section */
		5E812FAA4E142E67FA59B10E /* [CP] Check Pods Manifest.lock */ = {
			isa = PBXShellScriptBuildPhase;
			buildActionMask = 2147483647;
			files = (
			);
			inputFileListPaths = (
			);
			inputPaths = (
				"${PODS_PODFILE_DIR_PATH}/Podfile.lock",
				"${PODS_ROOT}/Manifest.lock",
			);
			name = "[CP] Check Pods Manifest.lock";
			outputFileListPaths = (
			);
			outputPaths = (
				"$(DERIVED_FILE_DIR)/Pods-basicsetup-checkManifestLockResult.txt",
			);
			runOnlyForDeploymentPostprocessing = 0;
			shellPath = /bin/sh;
			shellScript = "diff \"${PODS_PODFILE_DIR_PATH}/Podfile.lock\" \"${PODS_ROOT}/Manifest.lock\" > /dev/null\nif [ $? != 0 ] ; then\n    # print error to STDERR\n    echo \"error: The sandbox is not in sync with the Podfile.lock. Run 'pod install' or update your CocoaPods installation.\" >&2\n    exit 1\nfi\n# This output is used by Xcode 'outputs' to avoid re-running this script phase.\necho \"SUCCESS\" > \"${SCRIPT_OUTPUT_FILE_0}\"\n";
			showEnvVarsInLog = 0;
		};
		C96A3909FB23DE1184EA40CC /* [CP] Embed Pods Frameworks */ = {
			isa = PBXShellScriptBuildPhase;
			buildActionMask = 2147483647;
			files = (
			);
			inputFileListPaths = (
				"${PODS_ROOT}/Target Support Files/Pods-basicsetup/Pods-basicsetup-frameworks-${CONFIGURATION}-input-files.xcfilelist",
			);
			name = "[CP] Embed Pods Frameworks";
			outputFileListPaths = (
				"${PODS_ROOT}/Target Support Files/Pods-basicsetup/Pods-basicsetup-frameworks-${CONFIGURATION}-output-files.xcfilelist",
			);
			runOnlyForDeploymentPostprocessing = 0;
			shellPath = /bin/sh;
			shellScript = "\"${PODS_ROOT}/Target Support Files/Pods-basicsetup/Pods-basicsetup-frameworks.sh\"\n";
			showEnvVarsInLog = 0;
		};
/* End PBXShellScriptBuildPhase section */

/* Begin PBXSourcesBuildPhase section */
		D7ED85D821E5E09900B407C4 /* Sources */ = {
			isa = PBXSourcesBuildPhase;
			buildActionMask = 2147483647;
			files = (
				B4284EAE25B6EF0300865913 /* ApiClient.swift in Sources */,
				D710A55821F8373800C51EB2 /* Services.swift in Sources */,
				D715FDBB225CA28C00EBABDB /* DailyVitalData.swift in Sources */,
				D715FDB9225C893900EBABDB /* UIViewController+Extension.swift in Sources */,
				D710A55421F5A4F400C51EB2 /* ViewController.swift in Sources */,
				D715FDBD225CA37E00EBABDB /* DailyVitalResponse.swift in Sources */,
				D710A54C21F5A20200C51EB2 /* Configuration.swift in Sources */,
				D710A55D21F8397500C51EB2 /* Constants.swift in Sources */,
				D710A55621F6E96A00C51EB2 /* dailyVitals.swift in Sources */,
				D7ED85E021E5E09900B407C4 /* AppDelegate.swift in Sources */,
			);
			runOnlyForDeploymentPostprocessing = 0;
		};
/* End PBXSourcesBuildPhase section */

/* Begin PBXVariantGroup section */
		D7ED85E321E5E09900B407C4 /* Main.storyboard */ = {
			isa = PBXVariantGroup;
			children = (
				D7ED85E421E5E09900B407C4 /* Base */,
			);
			name = Main.storyboard;
			sourceTree = "<group>";
		};
		D7ED85E821E5E09B00B407C4 /* LaunchScreen.storyboard */ = {
			isa = PBXVariantGroup;
			children = (
				D7ED85E921E5E09B00B407C4 /* Base */,
			);
			name = LaunchScreen.storyboard;
			sourceTree = "<group>";
		};
/* End PBXVariantGroup section */

/* Begin XCBuildConfiguration section */
		D710A54F21F5A2DE00C51EB2 /* DEV */ = {
			isa = XCBuildConfiguration;
			buildSettings = {
				ALWAYS_SEARCH_USER_PATHS = NO;
				CLANG_ANALYZER_NONNULL = YES;
				CLANG_ANALYZER_NUMBER_OBJECT_CONVERSION = YES_AGGRESSIVE;
				CLANG_CXX_LANGUAGE_STANDARD = "gnu++14";
				CLANG_CXX_LIBRARY = "libc++";
				CLANG_ENABLE_MODULES = YES;
				CLANG_ENABLE_OBJC_ARC = YES;
				CLANG_ENABLE_OBJC_WEAK = YES;
				CLANG_WARN_BLOCK_CAPTURE_AUTORELEASING = YES;
				CLANG_WARN_BOOL_CONVERSION = YES;
				CLANG_WARN_COMMA = YES;
				CLANG_WARN_CONSTANT_CONVERSION = YES;
				CLANG_WARN_DEPRECATED_OBJC_IMPLEMENTATIONS = YES;
				CLANG_WARN_DIRECT_OBJC_ISA_USAGE = YES_ERROR;
				CLANG_WARN_DOCUMENTATION_COMMENTS = YES;
				CLANG_WARN_EMPTY_BODY = YES;
				CLANG_WARN_ENUM_CONVERSION = YES;
				CLANG_WARN_INFINITE_RECURSION = YES;
				CLANG_WARN_INT_CONVERSION = YES;
				CLANG_WARN_NON_LITERAL_NULL_CONVERSION = YES;
				CLANG_WARN_OBJC_IMPLICIT_RETAIN_SELF = YES;
				CLANG_WARN_OBJC_LITERAL_CONVERSION = YES;
				CLANG_WARN_OBJC_ROOT_CLASS = YES_ERROR;
				CLANG_WARN_RANGE_LOOP_ANALYSIS = YES;
				CLANG_WARN_STRICT_PROTOTYPES = YES;
				CLANG_WARN_SUSPICIOUS_MOVE = YES;
				CLANG_WARN_UNGUARDED_AVAILABILITY = YES_AGGRESSIVE;
				CLANG_WARN_UNREACHABLE_CODE = YES;
				CLANG_WARN__DUPLICATE_METHOD_MATCH = YES;
				CODE_SIGN_IDENTITY = "iPhone Developer";
				COPY_PHASE_STRIP = NO;
				DEBUG_INFORMATION_FORMAT = dwarf;
				ENABLE_STRICT_OBJC_MSGSEND = YES;
				ENABLE_TESTABILITY = YES;
				GCC_C_LANGUAGE_STANDARD = gnu11;
				GCC_DYNAMIC_NO_PIC = NO;
				GCC_NO_COMMON_BLOCKS = YES;
				GCC_OPTIMIZATION_LEVEL = 0;
				GCC_PREPROCESSOR_DEFINITIONS = (
					"DEBUG=1",
					"$(inherited)",
				);
				GCC_WARN_64_TO_32_BIT_CONVERSION = YES;
				GCC_WARN_ABOUT_RETURN_TYPE = YES_ERROR;
				GCC_WARN_UNDECLARED_SELECTOR = YES;
				GCC_WARN_UNINITIALIZED_AUTOS = YES_AGGRESSIVE;
				GCC_WARN_UNUSED_FUNCTION = YES;
				GCC_WARN_UNUSED_VARIABLE = YES;
				IPHONEOS_DEPLOYMENT_TARGET = 12.1;
				MTL_ENABLE_DEBUG_INFO = INCLUDE_SOURCE;
				MTL_FAST_MATH = YES;
				ONLY_ACTIVE_ARCH = YES;
				SDKROOT = iphoneos;
				SWIFT_ACTIVE_COMPILATION_CONDITIONS = DEBUG;
				SWIFT_OPTIMIZATION_LEVEL = "-Onone";
			};
			name = DEV;
		};
		D710A55021F5A2DE00C51EB2 /* DEV */ = {
			isa = XCBuildConfiguration;
			baseConfigurationReference = 0534DB31A3D5D1FD4BDA7200 /* Pods-basicsetup.dev.xcconfig */;
			buildSettings = {
				ASSETCATALOG_COMPILER_APPICON_NAME = AppIcon1;
				CODE_SIGN_STYLE = Automatic;
				DEVELOPMENT_TEAM = 294QVC6JLJ;
				INFOPLIST_FILE = basicsetup/Info.plist;
				LD_RUNPATH_SEARCH_PATHS = (
					"$(inherited)",
					"@executable_path/Frameworks",
				);
				PRODUCT_BUNDLE_IDENTIFIER = "Amit-Dhadse.basicsetup";
				PRODUCT_NAME = "$(TARGET_NAME)";
				SWIFT_VERSION = 5.0;
				TARGETED_DEVICE_FAMILY = "1,2";
			};
			name = DEV;
		};
		D710A55121F5A2F200C51EB2 /* PROD */ = {
			isa = XCBuildConfiguration;
			buildSettings = {
				ALWAYS_SEARCH_USER_PATHS = NO;
				CLANG_ANALYZER_NONNULL = YES;
				CLANG_ANALYZER_NUMBER_OBJECT_CONVERSION = YES_AGGRESSIVE;
				CLANG_CXX_LANGUAGE_STANDARD = "gnu++14";
				CLANG_CXX_LIBRARY = "libc++";
				CLANG_ENABLE_MODULES = YES;
				CLANG_ENABLE_OBJC_ARC = YES;
				CLANG_ENABLE_OBJC_WEAK = YES;
				CLANG_WARN_BLOCK_CAPTURE_AUTORELEASING = YES;
				CLANG_WARN_BOOL_CONVERSION = YES;
				CLANG_WARN_COMMA = YES;
				CLANG_WARN_CONSTANT_CONVERSION = YES;
				CLANG_WARN_DEPRECATED_OBJC_IMPLEMENTATIONS = YES;
				CLANG_WARN_DIRECT_OBJC_ISA_USAGE = YES_ERROR;
				CLANG_WARN_DOCUMENTATION_COMMENTS = YES;
				CLANG_WARN_EMPTY_BODY = YES;
				CLANG_WARN_ENUM_CONVERSION = YES;
				CLANG_WARN_INFINITE_RECURSION = YES;
				CLANG_WARN_INT_CONVERSION = YES;
				CLANG_WARN_NON_LITERAL_NULL_CONVERSION = YES;
				CLANG_WARN_OBJC_IMPLICIT_RETAIN_SELF = YES;
				CLANG_WARN_OBJC_LITERAL_CONVERSION = YES;
				CLANG_WARN_OBJC_ROOT_CLASS = YES_ERROR;
				CLANG_WARN_RANGE_LOOP_ANALYSIS = YES;
				CLANG_WARN_STRICT_PROTOTYPES = YES;
				CLANG_WARN_SUSPICIOUS_MOVE = YES;
				CLANG_WARN_UNGUARDED_AVAILABILITY = YES_AGGRESSIVE;
				CLANG_WARN_UNREACHABLE_CODE = YES;
				CLANG_WARN__DUPLICATE_METHOD_MATCH = YES;
				CODE_SIGN_IDENTITY = "iPhone Developer";
				COPY_PHASE_STRIP = NO;
				DEBUG_INFORMATION_FORMAT = "dwarf-with-dsym";
				ENABLE_NS_ASSERTIONS = NO;
				ENABLE_STRICT_OBJC_MSGSEND = YES;
				GCC_C_LANGUAGE_STANDARD = gnu11;
				GCC_NO_COMMON_BLOCKS = YES;
				GCC_WARN_64_TO_32_BIT_CONVERSION = YES;
				GCC_WARN_ABOUT_RETURN_TYPE = YES_ERROR;
				GCC_WARN_UNDECLARED_SELECTOR = YES;
				GCC_WARN_UNINITIALIZED_AUTOS = YES_AGGRESSIVE;
				GCC_WARN_UNUSED_FUNCTION = YES;
				GCC_WARN_UNUSED_VARIABLE = YES;
				IPHONEOS_DEPLOYMENT_TARGET = 12.1;
				MTL_ENABLE_DEBUG_INFO = NO;
				MTL_FAST_MATH = YES;
				SDKROOT = iphoneos;
				SWIFT_COMPILATION_MODE = wholemodule;
				SWIFT_OPTIMIZATION_LEVEL = "-O";
				VALIDATE_PRODUCT = YES;
			};
			name = PROD;
		};
		D710A55221F5A2F200C51EB2 /* PROD */ = {
			isa = XCBuildConfiguration;
			baseConfigurationReference = E463261E7565E3E751BD2599 /* Pods-basicsetup.prod.xcconfig */;
			buildSettings = {
				ASSETCATALOG_COMPILER_APPICON_NAME = AppIcon2;
				CODE_SIGN_STYLE = Automatic;
				DEVELOPMENT_TEAM = 294QVC6JLJ;
				INFOPLIST_FILE = basicsetup/Info.plist;
				LD_RUNPATH_SEARCH_PATHS = (
					"$(inherited)",
					"@executable_path/Frameworks",
				);
				PRODUCT_BUNDLE_IDENTIFIER = "Amit-Dhadse.basicsetup";
				PRODUCT_NAME = "$(TARGET_NAME)";
				SWIFT_VERSION = 5.0;
				TARGETED_DEVICE_FAMILY = "1,2";
			};
			name = PROD;
		};
/* End XCBuildConfiguration section */

/* Begin XCConfigurationList section */
		D7ED85D721E5E09900B407C4 /* Build configuration list for PBXProject "basicsetup" */ = {
			isa = XCConfigurationList;
			buildConfigurations = (
				D710A54F21F5A2DE00C51EB2 /* DEV */,
				D710A55121F5A2F200C51EB2 /* PROD */,
			);
			defaultConfigurationIsVisible = 0;
			defaultConfigurationName = DEV;
		};
		D7ED85EE21E5E09B00B407C4 /* Build configuration list for PBXNativeTarget "basicsetup" */ = {
			isa = XCConfigurationList;
			buildConfigurations = (
				D710A55021F5A2DE00C51EB2 /* DEV */,
				D710A55221F5A2F200C51EB2 /* PROD */,
			);
			defaultConfigurationIsVisible = 0;
			defaultConfigurationName = DEV;
		};
/* End XCConfigurationList section */
	};
	rootObject = D7ED85D421E5E09900B407C4 /* Project object */;
}
